{
	"name": "cron-task",
	"version": "1.0.0",
	"lockfileVersion": 1,
	"requires": true,
	"dependencies": {
		"cron": {
			"version": "1.4.1",
			"resolved": "https://registry.npmjs.org/cron/-/cron-1.4.1.tgz",
			"integrity": "sha512-HlglwQUNh6bhgfoDR6aEzyHN2T4bc0XhxJxkNPp+Ry7lK7Noby94pHcngYf634+MtxplwZm8okFgNe+R9PGDjg==",
			"requires": {
				"moment-timezone": "^0.5.x"
			}
		},
		"later": {
			"version": "1.2.0",
			"resolved": "https://registry.npmjs.org/later/-/later-1.2.0.tgz",
			"integrity": "sha1-8s9sTdeVbdL1IK3wMpg26YdrrQ8="
		},
		"moment": {
			"version": "2.22.2",
			"resolved": "https://registry.npmjs.org/moment/-/moment-2.22.2.tgz",
			"integrity": "sha1-PCV/mDn8DpP/UxSWMiOeuQeD/2Y="
		},
		"moment-timezone": {
			"version": "0.5.21",
			"resolved": "https://registry.npmjs.org/moment-timezone/-/moment-timezone-0.5.21.tgz",
			"integrity": "sha512-j96bAh4otsgj3lKydm3K7kdtA3iKf2m6MY2iSYCzCm5a1zmHo1g+aK3068dDEeocLZQIS9kU8bsdQHLqEvgW0A==",
			"requires": {
				"moment": ">= 2.9.0"
			}
		},
		"prettycron": {
			"version": "0.10.0",
			"resolved": "https://registry.npmjs.org/prettycron/-/prettycron-0.10.0.tgz",
			"integrity": "sha1-EK8N+iC72fZZbX+1u4uFRsrFJ7s=",
			"requires": {
				"later": "^1.1.6",
				"moment": "^2.8.4"
			}
		}
	}
}
